
Microsoft Visual Studio Solution File, Format Version 12.00
# Visual Studio Version 16
VisualStudioVersion = 16.0.29728.190
MinimumVisualStudioVersion = 10.0.40219.1
Project("{FAE04EC0-301F-11D3-BF4B-00C04F79EFBC}") = "ProyectoFinalProgIII", "ProyectoFinalProgIII\ProyectoFinalProgIII.csproj", "{EEC66F3D-2D4C-465A-915D-1076C78A7508}"
EndProject
Global
	GlobalSection(SolutionConfigurationPlatforms) = preSolution
		Debug|Any CPU = Debug|Any CPU
		Release|Any CPU = Release|Any CPU
	EndGlobalSection
	GlobalSection(ProjectConfigurationPlatforms) = postSolution
		{EEC66F3D-2D4C-465A-915D-1076C78A7508}.Debug|Any CPU.ActiveCfg = Debug|Any CPU
		{EEC66F3D-2D4C-465A-915D-1076C78A7508}.Debug|Any CPU.Build.0 = Debug|Any CPU
		{EEC66F3D-2D4C-465A-915D-1076C78A7508}.Release|Any CPU.ActiveCfg = Release|Any CPU
		{EEC66F3D-2D4C-465A-915D-1076C78A7508}.Release|Any CPU.Build.0 = Release|Any CPU
	EndGlobalSection
	GlobalSection(SolutionProperties) = preSolution
		HideSolutionNode = FALSE
	EndGlobalSection
	GlobalSection(ExtensibilityGlobals) = postSolution
		SolutionGuid = {8712F656-551F-4D57-890A-BF4F221BEFC1}
	EndGlobalSection
EndGlobal
